
Microsoft Visual Studio Solution File, Format Version 12.00
# Visual Studio 14
VisualStudioVersion = 14.0.25420.1
MinimumVisualStudioVersion = 10.0.40219.1
Project("{FAE04EC0-301F-11D3-BF4B-00C04F79EFBC}") = "PAK_BOS", "PAF_BOS\PAK_BOS.csproj", "{A2384481-1C6D-48EB-B1D9-348D6EEB84D5}"
EndProject
Project("{FAE04EC0-301F-11D3-BF4B-00C04F79EFBC}") = "AttendanceScreen", "AttendanceScreen\AttendanceScreen.csproj", "{7A627D49-A3FA-405B-A6C9-72A6B35BC9DC}"
EndProject
Project("{54435603-DBB4-11D2-8724-00A0C9A8B90C}") = "Setup", "Setup\Setup.vdproj", "{71DE149D-A654-4965-8621-2F8E481305DA}"
EndProject
Global
	GlobalSection(SolutionConfigurationPlatforms) = preSolution
		Debug|Any CPU = Debug|Any CPU
		Release|Any CPU = Release|Any CPU
	EndGlobalSection
	GlobalSection(ProjectConfigurationPlatforms) = postSolution
		{A2384481-1C6D-48EB-B1D9-348D6EEB84D5}.Debug|Any CPU.ActiveCfg = Debug|Any CPU
		{A2384481-1C6D-48EB-B1D9-348D6EEB84D5}.Debug|Any CPU.Build.0 = Debug|Any CPU
		{A2384481-1C6D-48EB-B1D9-348D6EEB84D5}.Release|Any CPU.ActiveCfg = Release|Any CPU
		{A2384481-1C6D-48EB-B1D9-348D6EEB84D5}.Release|Any CPU.Build.0 = Release|Any CPU
		{7A627D49-A3FA-405B-A6C9-72A6B35BC9DC}.Debug|Any CPU.ActiveCfg = Debug|Any CPU
		{7A627D49-A3FA-405B-A6C9-72A6B35BC9DC}.Debug|Any CPU.Build.0 = Debug|Any CPU
		{7A627D49-A3FA-405B-A6C9-72A6B35BC9DC}.Release|Any CPU.ActiveCfg = Release|Any CPU
		{7A627D49-A3FA-405B-A6C9-72A6B35BC9DC}.Release|Any CPU.Build.0 = Release|Any CPU
		{71DE149D-A654-4965-8621-2F8E481305DA}.Debug|Any CPU.ActiveCfg = Debug
		{71DE149D-A654-4965-8621-2F8E481305DA}.Release|Any CPU.ActiveCfg = Release
	EndGlobalSection
	GlobalSection(SolutionProperties) = preSolution
		HideSolutionNode = FALSE
	EndGlobalSection
EndGlobal
